
Microsoft Visual Studio Solution File, Format Version 12.00
# Visual Studio Version 16
VisualStudioVersion = 16.0.29409.12
MinimumVisualStudioVersion = 10.0.40219.1
Project("{FAE04EC0-301F-11D3-BF4B-00C04F79EFBC}") = "PasswordGenerator", "PasswordGenerator\PasswordGenerator.csproj", "{8C640DA8-F974-4FC2-A5A8-79C9FCFCD2E8}"
EndProject
Global
	GlobalSection(SolutionConfigurationPlatforms) = preSolution
		Debug|Any CPU = Debug|Any CPU
		Release|Any CPU = Release|Any CPU
	EndGlobalSection
	GlobalSection(ProjectConfigurationPlatforms) = postSolution
		{8C640DA8-F974-4FC2-A5A8-79C9FCFCD2E8}.Debug|Any CPU.ActiveCfg = Debug|Any CPU
		{8C640DA8-F974-4FC2-A5A8-79C9FCFCD2E8}.Debug|Any CPU.Build.0 = Debug|Any CPU
		{8C640DA8-F974-4FC2-A5A8-79C9FCFCD2E8}.Release|Any CPU.ActiveCfg = Release|Any CPU
		{8C640DA8-F974-4FC2-A5A8-79C9FCFCD2E8}.Release|Any CPU.Build.0 = Release|Any CPU
	EndGlobalSection
	GlobalSection(SolutionProperties) = preSolution
		HideSolutionNode = FALSE
	EndGlobalSection
	GlobalSection(ExtensibilityGlobals) = postSolution
		SolutionGuid = {72835477-BE0B-4006-B6A7-6B0E66A9C38C}
	EndGlobalSection
	GlobalSection(TeamFoundationVersionControl) = preSolution
		SccNumberOfProjects = 2
		SccEnterpriseProvider = {4CA58AB2-18FA-4F8D-95D4-32DDF27D184C}
		SccTeamFoundationServer = http://tfs.smapcenter.uah.edu:8080/tfs/uahgeneraldevelopment
		SccLocalPath0 = .
		SccProjectUniqueName1 = PasswordGenerator\\PasswordGenerator.csproj
		SccProjectName1 = PasswordGenerator
		SccLocalPath1 = PasswordGenerator
	EndGlobalSection
EndGlobal
